<?xml version="1.0" encoding="UTF-8"?>

<Project ToolsVersion="15.0" xmlns="http://schemas.microsoft.com/developer/msbuild/2003">
  <ItemGroup>
    <Filter Include="seq64\Source">
      <UniqueIdentifier>{F2136E3B-79F6-83AA-31A4-8B5F54BFCA32}</UniqueIdentifier>
    </Filter>
    <Filter Include="seq64">
      <UniqueIdentifier>{0D2FE030-47D8-1D96-C1F3-9446C3E1FAE7}</UniqueIdentifier>
    </Filter>
    <Filter Include="JUCE Library Code">
      <UniqueIdentifier>{7ED5A90E-41AF-A1EF-659B-37CEEAB9BA61}</UniqueIdentifier>
    </Filter>
  </ItemGroup>
  <ItemGroup>
    <ClCompile Include="..\..\Source\Main.cpp">
      <Filter>seq64\Source</Filter>
    </ClCompile>
    <ClCompile Include="..\..\Source\SeqFile.cpp">
      <Filter>seq64\Source</Filter>
    </ClCompile>
    <ClCompile Include="..\..\Source\SeqEditor.cpp">
      <Filter>seq64\Source</Filter>
    </ClCompile>
    <ClCompile Include="..\..\Source\TextListBox.cpp">
      <Filter>seq64\Source</Filter>
    </ClCompile>
    <ClCompile Include="..\..\JuceLibraryCode\include_juce_audio_basics.cpp">
      <Filter>JUCE Library Code</Filter>
    </ClCompile>
    <ClCompile Include="..\..\JuceLibraryCode\include_juce_core.cpp">
      <Filter>JUCE Library Code</Filter>
    </ClCompile>
    <ClCompile Include="..\..\JuceLibraryCode\include_juce_data_structures.cpp">
      <Filter>JUCE Library Code</Filter>
    </ClCompile>
    <ClCompile Include="..\..\JuceLibraryCode\include_juce_events.cpp">
      <Filter>JUCE Library Code</Filter>
    </ClCompile>
    <ClCompile Include="..\..\JuceLibraryCode\include_juce_graphics.cpp">
      <Filter>JUCE Library Code</Filter>
    </ClCompile>
    <ClCompile Include="..\..\JuceLibraryCode\include_juce_gui_basics.cpp">
      <Filter>JUCE Library Code</Filter>
    </ClCompile>
  </ItemGroup>
  <ItemGroup>
    <ClInclude Include="..\..\Source\Common.hpp">
      <Filter>seq64\Source</Filter>
    </ClInclude>
    <ClInclude Include="..\..\Source\SeqFile.hpp">
      <Filter>seq64\Source</Filter>
    </ClInclude>
    <ClInclude Include="..\..\Source\SeqEditor.hpp">
      <Filter>seq64\Source</Filter>
    </ClInclude>
    <ClInclude Include="..\..\Source\TextListBox.hpp">
      <Filter>seq64\Source</Filter>
    </ClInclude>
    <ClInclude Include="..\..\JuceLibraryCode\AppConfig.h">
      <Filter>JUCE Library Code</Filter>
    </ClInclude>
    <ClInclude Include="..\..\JuceLibraryCode\JuceHeader.h">
      <Filter>JUCE Library Code</Filter>
    </ClInclude>
  </ItemGroup>
  <ItemGroup>
    <ResourceCompile Include=".\resources.rc">
      <Filter>JUCE Library Code</Filter>
    </ResourceCompile>
  </ItemGroup>
</Project>
